// !$*UTF8*$!
{
	archiveVersion = 1;
	classes = {
	};
	objectVersion = 77;
	objects = {

/* Begin PBXContainerItemProxy section */
		FC8F6CF72D83786D0026BB70 /* PBXContainerItemProxy */ = {
			isa = PBXContainerItemProxy;
			containerPortal = FC8F6CDE2D83786C0026BB70 /* Project object */;
			proxyType = 1;
			remoteGlobalIDString = FC8F6CE52D83786C0026BB70;
			remoteInfo = SugaryAI;
		};
		FC8F6D012D83786D0026BB70 /* PBXContainerItemProxy */ = {
			isa = PBXContainerItemProxy;
			containerPortal = FC8F6CDE2D83786C0026BB70 /* Project object */;
			proxyType = 1;
			remoteGlobalIDString = FC8F6CE52D83786C0026BB70;
			remoteInfo = SugaryAI;
		};
/* End PBXContainerItemProxy section */

/* Begin PBXFileReference section */
		FC8F6CE62D83786C0026BB70 /* SugaryAI.app */ = {isa = PBXFileReference; explicitFileType = wrapper.application; includeInIndex = 0; path = SugaryAI.app; sourceTree = BUILT_PRODUCTS_DIR; };
		FC8F6CF62D83786D0026BB70 /* SugaryAITests.xctest */ = {isa = PBXFileReference; explicitFileType = wrapper.cfbundle; includeInIndex = 0; path = SugaryAITests.xctest; sourceTree = BUILT_PRODUCTS_DIR; };
		FC8F6D002D83786D0026BB70 /* SugaryAIUITests.xctest */ = {isa = PBXFileReference; explicitFileType = wrapper.cfbundle; includeInIndex = 0; path = SugaryAIUITests.xctest; sourceTree = BUILT_PRODUCTS_DIR; };
/* End PBXFileReference section */

/* Begin PBXFileSystemSynchronizedRootGroup section */
		FC8F6CE82D83786C0026BB70 /* SugaryAI */ = {
			isa = PBXFileSystemSynchronizedRootGroup;
			path = SugaryAI;
			sourceTree = "<group>";
		};
		FC8F6CF92D83786D0026BB70 /* SugaryAITests */ = {
			isa = PBXFileSystemSynchronizedRootGroup;
			path = SugaryAITests;
			sourceTree = "<group>";
		};
		FC8F6D032D83786D0026BB70 /* SugaryAIUITests */ = {
			isa = PBXFileSystemSynchronizedRootGroup;
			path = SugaryAIUITests;
			sourceTree = "<group>";
		};
/* End PBXFileSystemSynchronizedRootGroup section */

/* Begin PBXFrameworksBuildPhase section */
		FC8F6CE32D83786C0026BB70 /* Frameworks */ = {
			isa = PBXFrameworksBuildPhase;
			buildActionMask = 2147483647;
			files = (
			);
			runOnlyForDeploymentPostprocessing = 0;
		};
		FC8F6CF32D83786D0026BB70 /* Frameworks */ = {
			isa = PBXFrameworksBuildPhase;
			buildActionMask = 2147483647;
			files = (
			);
			runOnlyForDeploymentPostprocessing = 0;
		};
		FC8F6CFD2D83786D0026BB70 /* Frameworks */ = {
			isa = PBXFrameworksBuildPhase;
			buildActionMask = 2147483647;
			files = (
			);
			runOnlyForDeploymentPostprocessing = 0;
		};
/* End PBXFrameworksBuildPhase section */

/* Begin PBXGroup section */
		FC8F6CDD2D83786C0026BB70 = {
			isa = PBXGroup;
			children = (
				FC8F6CE82D83786C0026BB70 /* SugaryAI */,
				FC8F6CF92D83786D0026BB70 /* SugaryAITests */,
				FC8F6D032D83786D0026BB70 /* SugaryAIUITests */,
				FC8F6CE72D83786C0026BB70 /* Products */,
			);
			sourceTree = "<group>";
		};
		FC8F6CE72D83786C0026BB70 /* Products */ = {
			isa = PBXGroup;
			children = (
				FC8F6CE62D83786C0026BB70 /* SugaryAI.app */,
				FC8F6CF62D83786D0026BB70 /* SugaryAITests.xctest */,
				FC8F6D002D83786D0026BB70 /* SugaryAIUITests.xctest */,
			);
			name = Products;
			sourceTree = "<group>";
		};
/* End PBXGroup section */

/* Begin PBXNativeTarget section */
		FC8F6CE52D83786C0026BB70 /* SugaryAI */ = {
			isa = PBXNativeTarget;
			buildConfigurationList = FC8F6D0A2D83786D0026BB70 /* Build configuration list for PBXNativeTarget "SugaryAI" */;
			buildPhases = (
				FC8F6CE22D83786C0026BB70 /* Sources */,
				FC8F6CE32D83786C0026BB70 /* Frameworks */,
				FC8F6CE42D83786C0026BB70 /* Resources */,
			);
			buildRules = (
			);
			dependencies = (
			);
			fileSystemSynchronizedGroups = (
				FC8F6CE82D83786C0026BB70 /* SugaryAI */,
			);
			name = SugaryAI;
			packageProductDependencies = (
			);
			productName = SugaryAI;
			productReference = FC8F6CE62D83786C0026BB70 /* SugaryAI.app */;
			productType = "com.apple.product-type.application";
		};
		FC8F6CF52D83786D0026BB70 /* SugaryAITests */ = {
			isa = PBXNativeTarget;
			buildConfigurationList = FC8F6D0D2D83786D0026BB70 /* Build configuration list for PBXNativeTarget "SugaryAITests" */;
			buildPhases = (
				FC8F6CF22D83786D0026BB70 /* Sources */,
				FC8F6CF32D83786D0026BB70 /* Frameworks */,
				FC8F6CF42D83786D0026BB70 /* Resources */,
			);
			buildRules = (
			);
			dependencies = (
				FC8F6CF82D83786D0026BB70 /* PBXTargetDependency */,
			);
			fileSystemSynchronizedGroups = (
				FC8F6CF92D83786D0026BB70 /* SugaryAITests */,
			);
			name = SugaryAITests;
			packageProductDependencies = (
			);
			productName = SugaryAITests;
			productReference = FC8F6CF62D83786D0026BB70 /* SugaryAITests.xctest */;
			productType = "com.apple.product-type.bundle.unit-test";
		};
		FC8F6CFF2D83786D0026BB70 /* SugaryAIUITests */ = {
			isa = PBXNativeTarget;
			buildConfigurationList = FC8F6D102D83786D0026BB70 /* Build configuration list for PBXNativeTarget "SugaryAIUITests" */;
			buildPhases = (
				FC8F6CFC2D83786D0026BB70 /* Sources */,
				FC8F6CFD2D83786D0026BB70 /* Frameworks */,
				FC8F6CFE2D83786D0026BB70 /* Resources */,
			);
			buildRules = (
			);
			dependencies = (
				FC8F6D022D83786D0026BB70 /* PBXTargetDependency */,
			);
			fileSystemSynchronizedGroups = (
				FC8F6D032D83786D0026BB70 /* SugaryAIUITests */,
			);
			name = SugaryAIUITests;
			packageProductDependencies = (
			);
			productName = SugaryAIUITests;
			productReference = FC8F6D002D83786D0026BB70 /* SugaryAIUITests.xctest */;
			productType = "com.apple.product-type.bundle.ui-testing";
		};
/* End PBXNativeTarget section */

/* Begin PBXProject section */
		FC8F6CDE2D83786C0026BB70 /* Project object */ = {
			isa = PBXProject;
			attributes = {
				BuildIndependentTargetsInParallel = 1;
				LastSwiftUpdateCheck = 1620;
				LastUpgradeCheck = 1620;
				TargetAttributes = {
					FC8F6CE52D83786C0026BB70 = {
						CreatedOnToolsVersion = 16.2;
					};
					FC8F6CF52D83786D0026BB70 = {
						CreatedOnToolsVersion = 16.2;
						TestTargetID = FC8F6CE52D83786C0026BB70;
					};
					FC8F6CFF2D83786D0026BB70 = {
						CreatedOnToolsVersion = 16.2;
						TestTargetID = FC8F6CE52D83786C0026BB70;
					};
				};
			};
			buildConfigurationList = FC8F6CE12D83786C0026BB70 /* Build configuration list for PBXProject "SugaryAI" */;
			developmentRegion = en;
			hasScannedForEncodings = 0;
			knownRegions = (
				en,
				Base,
			);
			mainGroup = FC8F6CDD2D83786C0026BB70;
			minimizedProjectReferenceProxies = 1;
			preferredProjectObjectVersion = 77;
			productRefGroup = FC8F6CE72D83786C0026BB70 /* Products */;
			projectDirPath = "";
			projectRoot = "";
			targets = (
				FC8F6CE52D83786C0026BB70 /* SugaryAI */,
				FC8F6CF52D83786D0026BB70 /* SugaryAITests */,
				FC8F6CFF2D83786D0026BB70 /* SugaryAIUITests */,
			);
		};
/* End PBXProject section */

/* Begin PBXResourcesBuildPhase section */
		FC8F6CE42D83786C0026BB70 /* Resources */ = {
			isa = PBXResourcesBuildPhase;
			buildActionMask = 2147483647;
			files = (
			);
			runOnlyForDeploymentPostprocessing = 0;
		};
		FC8F6CF42D83786D0026BB70 /* Resources */ = {
			isa = PBXResourcesBuildPhase;
			buildActionMask = 2147483647;
			files = (
			);
			runOnlyForDeploymentPostprocessing = 0;
		};
		FC8F6CFE2D83786D0026BB70 /* Resources */ = {
			isa = PBXResourcesBuildPhase;
			buildActionMask = 2147483647;
			files = (
			);
			runOnlyForDeploymentPostprocessing = 0;
		};
/* End PBXResourcesBuildPhase section */

/* Begin PBXSourcesBuildPhase section */
		FC8F6CE22D83786C0026BB70 /* Sources */ = {
			isa = PBXSourcesBuildPhase;
			buildActionMask = 2147483647;
			files = (
			);
			runOnlyForDeploymentPostprocessing = 0;
		};
		FC8F6CF22D83786D0026BB70 /* Sources */ = {
			isa = PBXSourcesBuildPhase;
			buildActionMask = 2147483647;
			files = (
			);
			runOnlyForDeploymentPostprocessing = 0;
		};
		FC8F6CFC2D83786D0026BB70 /* Sources */ = {
			isa = PBXSourcesBuildPhase;
			buildActionMask = 2147483647;
			files = (
			);
			runOnlyForDeploymentPostprocessing = 0;
		};
/* End PBXSourcesBuildPhase section */

/* Begin PBXTargetDependency section */
		FC8F6CF82D83786D0026BB70 /* PBXTargetDependency */ = {
			isa = PBXTargetDependency;
			target = FC8F6CE52D83786C0026BB70 /* SugaryAI */;
			targetProxy = FC8F6CF72D83786D0026BB70 /* PBXContainerItemProxy */;
		};
		FC8F6D022D83786D0026BB70 /* PBXTargetDependency */ = {
			isa = PBXTargetDependency;
			target = FC8F6CE52D83786C0026BB70 /* SugaryAI */;
			targetProxy = FC8F6D012D83786D0026BB70 /* PBXContainerItemProxy */;
		};
/* End PBXTargetDependency section */

/* Begin XCBuildConfiguration section */
		FC8F6D082D83786D0026BB70 /* Debug */ = {
			isa = XCBuildConfiguration;
			buildSettings = {
				ALWAYS_SEARCH_USER_PATHS = NO;
				ASSETCATALOG_COMPILER_GENERATE_SWIFT_ASSET_SYMBOL_EXTENSIONS = YES;
				CLANG_ANALYZER_NONNULL = YES;
				CLANG_ANALYZER_NUMBER_OBJECT_CONVERSION = YES_AGGRESSIVE;
				CLANG_CXX_LANGUAGE_STANDARD = "gnu++20";
				CLANG_ENABLE_MODULES = YES;
				CLANG_ENABLE_OBJC_ARC = YES;
				CLANG_ENABLE_OBJC_WEAK = YES;
				CLANG_WARN_BLOCK_CAPTURE_AUTORELEASING = YES;
				CLANG_WARN_BOOL_CONVERSION = YES;
				CLANG_WARN_COMMA = YES;
				CLANG_WARN_CONSTANT_CONVERSION = YES;
				CLANG_WARN_DEPRECATED_OBJC_IMPLEMENTATIONS = YES;
				CLANG_WARN_DIRECT_OBJC_ISA_USAGE = YES_ERROR;
				CLANG_WARN_DOCUMENTATION_COMMENTS = YES;
				CLANG_WARN_EMPTY_BODY = YES;
				CLANG_WARN_ENUM_CONVERSION = YES;
				CLANG_WARN_INFINITE_RECURSION = YES;
				CLANG_WARN_INT_CONVERSION = YES;
				CLANG_WARN_NON_LITERAL_NULL_CONVERSION = YES;
				CLANG_WARN_OBJC_IMPLICIT_RETAIN_SELF = YES;
				CLANG_WARN_OBJC_LITERAL_CONVERSION = YES;
				CLANG_WARN_OBJC_ROOT_CLASS = YES_ERROR;
				CLANG_WARN_QUOTED_INCLUDE_IN_FRAMEWORK_HEADER = YES;
				CLANG_WARN_RANGE_LOOP_ANALYSIS = YES;
				CLANG_WARN_STRICT_PROTOTYPES = YES;
				CLANG_WARN_SUSPICIOUS_MOVE = YES;
				CLANG_WARN_UNGUARDED_AVAILABILITY = YES_AGGRESSIVE;
				CLANG_WARN_UNREACHABLE_CODE = YES;
				CLANG_WARN__DUPLICATE_METHOD_MATCH = YES;
				COPY_PHASE_STRIP = NO;
				DEBUG_INFORMATION_FORMAT = dwarf;
				ENABLE_STRICT_OBJC_MSGSEND = YES;
				ENABLE_TESTABILITY = YES;
				ENABLE_USER_SCRIPT_SANDBOXING = YES;
				GCC_C_LANGUAGE_STANDARD = gnu17;
				GCC_DYNAMIC_NO_PIC = NO;
				GCC_NO_COMMON_BLOCKS = YES;
				GCC_OPTIMIZATION_LEVEL = 0;
				GCC_PREPROCESSOR_DEFINITIONS = (
					"DEBUG=1",
					"$(inherited)",
				);
				GCC_WARN_64_TO_32_BIT_CONVERSION = YES;
				GCC_WARN_ABOUT_RETURN_TYPE = YES_ERROR;
				GCC_WARN_UNDECLARED_SELECTOR = YES;
				GCC_WARN_UNINITIALIZED_AUTOS = YES_AGGRESSIVE;
				GCC_WARN_UNUSED_FUNCTION = YES;
				GCC_WARN_UNUSED_VARIABLE = YES;
				IPHONEOS_DEPLOYMENT_TARGET = 18.2;
				LOCALIZATION_PREFERS_STRING_CATALOGS = YES;
				MTL_ENABLE_DEBUG_INFO = INCLUDE_SOURCE;
				MTL_FAST_MATH = YES;
				ONLY_ACTIVE_ARCH = YES;
				SDKROOT = iphoneos;
				SWIFT_ACTIVE_COMPILATION_CONDITIONS = "DEBUG $(inherited)";
				SWIFT_OPTIMIZATION_LEVEL = "-Onone";
			};
			name = Debug;
		};
		FC8F6D092D83786D0026BB70 /* Release */ = {
			isa = XCBuildConfiguration;
			buildSettings = {
				ALWAYS_SEARCH_USER_PATHS = NO;
				ASSETCATALOG_COMPILER_GENERATE_SWIFT_ASSET_SYMBOL_EXTENSIONS = YES;
				CLANG_ANALYZER_NONNULL = YES;
				CLANG_ANALYZER_NUMBER_OBJECT_CONVERSION = YES_AGGRESSIVE;
				CLANG_CXX_LANGUAGE_STANDARD = "gnu++20";
				CLANG_ENABLE_MODULES = YES;
				CLANG_ENABLE_OBJC_ARC = YES;
				CLANG_ENABLE_OBJC_WEAK = YES;
				CLANG_WARN_BLOCK_CAPTURE_AUTORELEASING = YES;
				CLANG_WARN_BOOL_CONVERSION = YES;
				CLANG_WARN_COMMA = YES;
				CLANG_WARN_CONSTANT_CONVERSION = YES;
				CLANG_WARN_DEPRECATED_OBJC_IMPLEMENTATIONS = YES;
				CLANG_WARN_DIRECT_OBJC_ISA_USAGE = YES_ERROR;
				CLANG_WARN_DOCUMENTATION_COMMENTS = YES;
				CLANG_WARN_EMPTY_BODY = YES;
				CLANG_WARN_ENUM_CONVERSION = YES;
				CLANG_WARN_INFINITE_RECURSION = YES;
				CLANG_WARN_INT_CONVERSION = YES;
				CLANG_WARN_NON_LITERAL_NULL_CONVERSION = YES;
				CLANG_WARN_OBJC_IMPLICIT_RETAIN_SELF = YES;
				CLANG_WARN_OBJC_LITERAL_CONVERSION = YES;
				CLANG_WARN_OBJC_ROOT_CLASS = YES_ERROR;
				CLANG_WARN_QUOTED_INCLUDE_IN_FRAMEWORK_HEADER = YES;
				CLANG_WARN_RANGE_LOOP_ANALYSIS = YES;
				CLANG_WARN_STRICT_PROTOTYPES = YES;
				CLANG_WARN_SUSPICIOUS_MOVE = YES;
				CLANG_WARN_UNGUARDED_AVAILABILITY = YES_AGGRESSIVE;
				CLANG_WARN_UNREACHABLE_CODE = YES;
				CLANG_WARN__DUPLICATE_METHOD_MATCH = YES;
				COPY_PHASE_STRIP = NO;
				DEBUG_INFORMATION_FORMAT = "dwarf-with-dsym";
				ENABLE_NS_ASSERTIONS = NO;
				ENABLE_STRICT_OBJC_MSGSEND = YES;
				ENABLE_USER_SCRIPT_SANDBOXING = YES;
				GCC_C_LANGUAGE_STANDARD = gnu17;
				GCC_NO_COMMON_BLOCKS = YES;
				GCC_WARN_64_TO_32_BIT_CONVERSION = YES;
				GCC_WARN_ABOUT_RETURN_TYPE = YES_ERROR;
				GCC_WARN_UNDECLARED_SELECTOR = YES;
				GCC_WARN_UNINITIALIZED_AUTOS = YES_AGGRESSIVE;
				GCC_WARN_UNUSED_FUNCTION = YES;
				GCC_WARN_UNUSED_VARIABLE = YES;
				IPHONEOS_DEPLOYMENT_TARGET = 18.2;
				LOCALIZATION_PREFERS_STRING_CATALOGS = YES;
				MTL_ENABLE_DEBUG_INFO = NO;
				MTL_FAST_MATH = YES;
				SDKROOT = iphoneos;
				SWIFT_COMPILATION_MODE = wholemodule;
				VALIDATE_PRODUCT = YES;
			};
			name = Release;
		};
		FC8F6D0B2D83786D0026BB70 /* Debug */ = {
			isa = XCBuildConfiguration;
			buildSettings = {
				ASSETCATALOG_COMPILER_APPICON_NAME = AppIcon;
				ASSETCATALOG_COMPILER_GLOBAL_ACCENT_COLOR_NAME = AccentColor;
				CODE_SIGN_STYLE = Automatic;
				CURRENT_PROJECT_VERSION = 1;
				DEVELOPMENT_ASSET_PATHS = "\"SugaryAI/Preview Content\"";
				DEVELOPMENT_TEAM = HC228J29GC;
				ENABLE_PREVIEWS = YES;
				GENERATE_INFOPLIST_FILE = YES;
				INFOPLIST_KEY_UIApplicationSceneManifest_Generation = YES;
				INFOPLIST_KEY_UIApplicationSupportsIndirectInputEvents = YES;
				INFOPLIST_KEY_UILaunchScreen_Generation = YES;
				INFOPLIST_KEY_UISupportedInterfaceOrientations_iPad = "UIInterfaceOrientationPortrait UIInterfaceOrientationPortraitUpsideDown UIInterfaceOrientationLandscapeLeft UIInterfaceOrientationLandscapeRight";
				INFOPLIST_KEY_UISupportedInterfaceOrientations_iPhone = "UIInterfaceOrientationPortrait UIInterfaceOrientationLandscapeLeft UIInterfaceOrientationLandscapeRight";
				LD_RUNPATH_SEARCH_PATHS = (
					"$(inherited)",
					"@executable_path/Frameworks",
				);
				MARKETING_VERSION = 1.0;
				PRODUCT_BUNDLE_IDENTIFIER = com.noora.SugaryAI;
				PRODUCT_NAME = "$(TARGET_NAME)";
				SWIFT_EMIT_LOC_STRINGS = YES;
				SWIFT_VERSION = 5.0;
				TARGETED_DEVICE_FAMILY = "1,2";
			};
			name = Debug;
		};
		FC8F6D0C2D83786D0026BB70 /* Release */ = {
			isa = XCBuildConfiguration;
			buildSettings = {
				ASSETCATALOG_COMPILER_APPICON_NAME = AppIcon;
				ASSETCATALOG_COMPILER_GLOBAL_ACCENT_COLOR_NAME = AccentColor;
				CODE_SIGN_STYLE = Automatic;
				CURRENT_PROJECT_VERSION = 1;
				DEVELOPMENT_ASSET_PATHS = "\"SugaryAI/Preview Content\"";
				DEVELOPMENT_TEAM = HC228J29GC;
				ENABLE_PREVIEWS = YES;
				GENERATE_INFOPLIST_FILE = YES;
				INFOPLIST_KEY_UIApplicationSceneManifest_Generation = YES;
				INFOPLIST_KEY_UIApplicationSupportsIndirectInputEvents = YES;
				INFOPLIST_KEY_UILaunchScreen_Generation = YES;
				INFOPLIST_KEY_UISupportedInterfaceOrientations_iPad = "UIInterfaceOrientationPortrait UIInterfaceOrientationPortraitUpsideDown UIInterfaceOrientationLandscapeLeft UIInterfaceOrientationLandscapeRight";
				INFOPLIST_KEY_UISupportedInterfaceOrientations_iPhone = "UIInterfaceOrientationPortrait UIInterfaceOrientationLandscapeLeft UIInterfaceOrientationLandscapeRight";
				LD_RUNPATH_SEARCH_PATHS = (
					"$(inherited)",
					"@executable_path/Frameworks",
				);
				MARKETING_VERSION = 1.0;
				PRODUCT_BUNDLE_IDENTIFIER = com.noora.SugaryAI;
				PRODUCT_NAME = "$(TARGET_NAME)";
				SWIFT_EMIT_LOC_STRINGS = YES;
				SWIFT_VERSION = 5.0;
				TARGETED_DEVICE_FAMILY = "1,2";
			};
			name = Release;
		};
		FC8F6D0E2D83786D0026BB70 /* Debug */ = {
			isa = XCBuildConfiguration;
			buildSettings = {
				BUNDLE_LOADER = "$(TEST_HOST)";
				CODE_SIGN_STYLE = Automatic;
				CURRENT_PROJECT_VERSION = 1;
				DEVELOPMENT_TEAM = 39YZX5T634;
				GENERATE_INFOPLIST_FILE = YES;
				IPHONEOS_DEPLOYMENT_TARGET = 18.2;
				MARKETING_VERSION = 1.0;
				PRODUCT_BUNDLE_IDENTIFIER = com.noora.SugaryAITests;
				PRODUCT_NAME = "$(TARGET_NAME)";
				SWIFT_EMIT_LOC_STRINGS = NO;
				SWIFT_VERSION = 5.0;
				TARGETED_DEVICE_FAMILY = "1,2";
				TEST_HOST = "$(BUILT_PRODUCTS_DIR)/SugaryAI.app/$(BUNDLE_EXECUTABLE_FOLDER_PATH)/SugaryAI";
			};
			name = Debug;
		};
		FC8F6D0F2D83786D0026BB70 /* Release */ = {
			isa = XCBuildConfiguration;
			buildSettings = {
				BUNDLE_LOADER = "$(TEST_HOST)";
				CODE_SIGN_STYLE = Automatic;
				CURRENT_PROJECT_VERSION = 1;
				DEVELOPMENT_TEAM = 39YZX5T634;
				GENERATE_INFOPLIST_FILE = YES;
				IPHONEOS_DEPLOYMENT_TARGET = 18.2;
				MARKETING_VERSION = 1.0;
				PRODUCT_BUNDLE_IDENTIFIER = com.noora.SugaryAITests;
				PRODUCT_NAME = "$(TARGET_NAME)";
				SWIFT_EMIT_LOC_STRINGS = NO;
				SWIFT_VERSION = 5.0;
				TARGETED_DEVICE_FAMILY = "1,2";
				TEST_HOST = "$(BUILT_PRODUCTS_DIR)/SugaryAI.app/$(BUNDLE_EXECUTABLE_FOLDER_PATH)/SugaryAI";
			};
			name = Release;
		};
		FC8F6D112D83786D0026BB70 /* Debug */ = {
			isa = XCBuildConfiguration;
			buildSettings = {
				CODE_SIGN_STYLE = Automatic;
				CURRENT_PROJECT_VERSION = 1;
				DEVELOPMENT_TEAM = 39YZX5T634;
				GENERATE_INFOPLIST_FILE = YES;
				MARKETING_VERSION = 1.0;
				PRODUCT_BUNDLE_IDENTIFIER = com.noora.SugaryAIUITests;
				PRODUCT_NAME = "$(TARGET_NAME)";
				SWIFT_EMIT_LOC_STRINGS = NO;
				SWIFT_VERSION = 5.0;
				TARGETED_DEVICE_FAMILY = "1,2";
				TEST_TARGET_NAME = SugaryAI;
			};
			name = Debug;
		};
		FC8F6D122D83786D0026BB70 /* Release */ = {
			isa = XCBuildConfiguration;
			buildSettings = {
				CODE_SIGN_STYLE = Automatic;
				CURRENT_PROJECT_VERSION = 1;
				DEVELOPMENT_TEAM = 39YZX5T634;
				GENERATE_INFOPLIST_FILE = YES;
				MARKETING_VERSION = 1.0;
				PRODUCT_BUNDLE_IDENTIFIER = com.noora.SugaryAIUITests;
				PRODUCT_NAME = "$(TARGET_NAME)";
				SWIFT_EMIT_LOC_STRINGS = NO;
				SWIFT_VERSION = 5.0;
				TARGETED_DEVICE_FAMILY = "1,2";
				TEST_TARGET_NAME = SugaryAI;
			};
			name = Release;
		};
/* End XCBuildConfiguration section */

/* Begin XCConfigurationList section */
		FC8F6CE12D83786C0026BB70 /* Build configuration list for PBXProject "SugaryAI" */ = {
			isa = XCConfigurationList;
			buildConfigurations = (
				FC8F6D082D83786D0026BB70 /* Debug */,
				FC8F6D092D83786D0026BB70 /* Release */,
			);
			defaultConfigurationIsVisible = 0;
			defaultConfigurationName = Release;
		};
		FC8F6D0A2D83786D0026BB70 /* Build configuration list for PBXNativeTarget "SugaryAI" */ = {
			isa = XCConfigurationList;
			buildConfigurations = (
				FC8F6D0B2D83786D0026BB70 /* Debug */,
				FC8F6D0C2D83786D0026BB70 /* Release */,
			);
			defaultConfigurationIsVisible = 0;
			defaultConfigurationName = Release;
		};
		FC8F6D0D2D83786D0026BB70 /* Build configuration list for PBXNativeTarget "SugaryAITests" */ = {
			isa = XCConfigurationList;
			buildConfigurations = (
				FC8F6D0E2D83786D0026BB70 /* Debug */,
				FC8F6D0F2D83786D0026BB70 /* Release */,
			);
			defaultConfigurationIsVisible = 0;
			defaultConfigurationName = Release;
		};
		FC8F6D102D83786D0026BB70 /* Build configuration list for PBXNativeTarget "SugaryAIUITests" */ = {
			isa = XCConfigurationList;
			buildConfigurations = (
				FC8F6D112D83786D0026BB70 /* Debug */,
				FC8F6D122D83786D0026BB70 /* Release */,
			);
			defaultConfigurationIsVisible = 0;
			defaultConfigurationName = Release;
		};
/* End XCConfigurationList section */
	};
	rootObject = FC8F6CDE2D83786C0026BB70 /* Project object */;
}
